
Microsoft Visual Studio Solution File, Format Version 12.00
# Visual Studio Version 16
VisualStudioVersion = 16.0.30907.101
MinimumVisualStudioVersion = 10.0.40219.1
Project("{9A19103F-16F7-4668-BE54-9A1E7A4F7556}") = "FastBudjet.Web", "FastBudjet.Web\FastBudjet.Web.csproj", "{90BBD732-6996-4561-8763-A1752E8C70F1}"
EndProject
Project("{9A19103F-16F7-4668-BE54-9A1E7A4F7556}") = "FastBudjet.Core", "FastBudjet.Core\FastBudjet.Core.csproj", "{EEBFBFC8-7F3C-42F7-BB35-1462FF00F088}"
EndProject
Project("{FAE04EC0-301F-11D3-BF4B-00C04F79EFBC}") = "FastBudjet.Data", "FastBudjet.Data\FastBudjet.Data.csproj", "{ADC7FF30-4C0E-4C99-954C-98E4CA9B1F16}"
EndProject
Global
	GlobalSection(SolutionConfigurationPlatforms) = preSolution
		Debug|Any CPU = Debug|Any CPU
		Release|Any CPU = Release|Any CPU
	EndGlobalSection
	GlobalSection(ProjectConfigurationPlatforms) = postSolution
		{90BBD732-6996-4561-8763-A1752E8C70F1}.Debug|Any CPU.ActiveCfg = Debug|Any CPU
		{90BBD732-6996-4561-8763-A1752E8C70F1}.Debug|Any CPU.Build.0 = Debug|Any CPU
		{90BBD732-6996-4561-8763-A1752E8C70F1}.Release|Any CPU.ActiveCfg = Release|Any CPU
		{90BBD732-6996-4561-8763-A1752E8C70F1}.Release|Any CPU.Build.0 = Release|Any CPU
		{EEBFBFC8-7F3C-42F7-BB35-1462FF00F088}.Debug|Any CPU.ActiveCfg = Debug|Any CPU
		{EEBFBFC8-7F3C-42F7-BB35-1462FF00F088}.Debug|Any CPU.Build.0 = Debug|Any CPU
		{EEBFBFC8-7F3C-42F7-BB35-1462FF00F088}.Release|Any CPU.ActiveCfg = Release|Any CPU
		{EEBFBFC8-7F3C-42F7-BB35-1462FF00F088}.Release|Any CPU.Build.0 = Release|Any CPU
		{ADC7FF30-4C0E-4C99-954C-98E4CA9B1F16}.Debug|Any CPU.ActiveCfg = Debug|Any CPU
		{ADC7FF30-4C0E-4C99-954C-98E4CA9B1F16}.Debug|Any CPU.Build.0 = Debug|Any CPU
		{ADC7FF30-4C0E-4C99-954C-98E4CA9B1F16}.Release|Any CPU.ActiveCfg = Release|Any CPU
		{ADC7FF30-4C0E-4C99-954C-98E4CA9B1F16}.Release|Any CPU.Build.0 = Release|Any CPU
	EndGlobalSection
	GlobalSection(SolutionProperties) = preSolution
		HideSolutionNode = FALSE
	EndGlobalSection
	GlobalSection(ExtensibilityGlobals) = postSolution
		SolutionGuid = {7188939C-0538-4FFD-93FD-EFE0F1F85C52}
	EndGlobalSection
EndGlobal
